// !$*UTF8*$!
{
	archiveVersion = 1;
	classes = {
	};
	objectVersion = 56;
	objects = {

/* Begin PBXBuildFile section */
		13B61B313FCE469CAB0C6B91 /* Constants.swift in Sources */ = {isa = PBXBuildFile; fileRef = F40E4A7093EA4F1E8390A597 /* Constants.swift */; };
		266B43DBE6B5475EBA69A46D /* AdManager.swift in Sources */ = {isa = PBXBuildFile; fileRef = 21B187F12B0F45889534DBC1 /* AdManager.swift */; };
		2C0D88D1136143E28F9A610D /* PurchaseManager.swift in Sources */ = {isa = PBXBuildFile; fileRef = DCFFA7B7837443E18ADB0C4F /* PurchaseManager.swift */; };
		4564B6D3725349719DA67B03 /* RemoveAdsPromoView.swift in Sources */ = {isa = PBXBuildFile; fileRef = 5CC7D61F42CF4E379ABBA731 /* RemoveAdsPromoView.swift */; };
		48A56AACF788487AA9156C53 /* SettingsStore.swift in Sources */ = {isa = PBXBuildFile; fileRef = A59D4F96DDD74C218708DCEE /* SettingsStore.swift */; };
		A2F0FD863323421CB50D6F18 /* AppDelegate.swift in Sources */ = {isa = PBXBuildFile; fileRef = 4FC47F2627D047D180BC877C /* AppDelegate.swift */; };
		D981CF3CA367424CA06AAFAF /* AdPresenter.swift in Sources */ = {isa = PBXBuildFile; fileRef = 3B1399134F89468EA8C1E6DC /* AdPresenter.swift */; };
		E150AA022C9E5FB000145149 /* ContentView.swift in Sources */ = {isa = PBXBuildFile; fileRef = E150AA012C9E5FB000145149 /* ContentView.swift */; };
		E150AA042C9E5FB200145149 /* Assets.xcassets in Resources */ = {isa = PBXBuildFile; fileRef = E150AA032C9E5FB200145149 /* Assets.xcassets */; };
		E150AA072C9E5FB200145149 /* Preview Assets.xcassets in Resources */ = {isa = PBXBuildFile; fileRef = E150AA062C9E5FB200145149 /* Preview Assets.xcassets */; };
		E176B87E2FAAE74800FD54CF /* GoogleMobileAds in Frameworks */ = {isa = PBXBuildFile; productRef = E176B87D2FAAE74800FD54CF /* GoogleMobileAds */; };
		E39A226413734895BA5BE66F /* FreqTestApp.swift in Sources */ = {isa = PBXBuildFile; fileRef = D124C18A3B804C9D87A8113E /* FreqTestApp.swift */; };
		99205E0A6F944492A148F756 /* HearingTestModels.swift in Sources */ = {isa = PBXBuildFile; fileRef = 1E02E4638B8744089EBE7544 /* HearingTestModels.swift */; };
		0D2312B4595140D6B232DC08 /* SweepEngine.swift in Sources */ = {isa = PBXBuildFile; fileRef = 2240A0C2D5E54CFC812BCF12 /* SweepEngine.swift */; };
		6686B25F5D0248EBBCC9BF12 /* HearingTestView.swift in Sources */ = {isa = PBXBuildFile; fileRef = AA331384AC0848D69F89C495 /* HearingTestView.swift */; };
		BF2AFD3306CE4CEE9980753D /* HearingHistoryView.swift in Sources */ = {isa = PBXBuildFile; fileRef = CDA11889F32D44CC9FD7BD0D /* HearingHistoryView.swift */; };
/* End PBXBuildFile section */

/* Begin PBXFileReference section */
		21B187F12B0F45889534DBC1 /* AdManager.swift */ = {isa = PBXFileReference; lastKnownFileType = sourcecode.swift; path = AdManager.swift; sourceTree = "<group>"; };
		3B1399134F89468EA8C1E6DC /* AdPresenter.swift */ = {isa = PBXFileReference; lastKnownFileType = sourcecode.swift; path = AdPresenter.swift; sourceTree = "<group>"; };
		4FC47F2627D047D180BC877C /* AppDelegate.swift */ = {isa = PBXFileReference; lastKnownFileType = sourcecode.swift; path = AppDelegate.swift; sourceTree = "<group>"; };
		5CC7D61F42CF4E379ABBA731 /* RemoveAdsPromoView.swift */ = {isa = PBXFileReference; lastKnownFileType = sourcecode.swift; path = RemoveAdsPromoView.swift; sourceTree = "<group>"; };
		A59D4F96DDD74C218708DCEE /* SettingsStore.swift */ = {isa = PBXFileReference; lastKnownFileType = sourcecode.swift; path = SettingsStore.swift; sourceTree = "<group>"; };
		D124C18A3B804C9D87A8113E /* FreqTestApp.swift */ = {isa = PBXFileReference; lastKnownFileType = sourcecode.swift; path = FreqTestApp.swift; sourceTree = "<group>"; };
		DCFFA7B7837443E18ADB0C4F /* PurchaseManager.swift */ = {isa = PBXFileReference; lastKnownFileType = sourcecode.swift; path = PurchaseManager.swift; sourceTree = "<group>"; };
		E150A9FC2C9E5FB000145149 /* Freq Test.app */ = {isa = PBXFileReference; explicitFileType = wrapper.application; includeInIndex = 0; path = "Freq Test.app"; sourceTree = BUILT_PRODUCTS_DIR; };
		E150AA012C9E5FB000145149 /* ContentView.swift */ = {isa = PBXFileReference; lastKnownFileType = sourcecode.swift; path = ContentView.swift; sourceTree = "<group>"; };
		E150AA032C9E5FB200145149 /* Assets.xcassets */ = {isa = PBXFileReference; lastKnownFileType = folder.assetcatalog; path = Assets.xcassets; sourceTree = "<group>"; };
		E150AA062C9E5FB200145149 /* Preview Assets.xcassets */ = {isa = PBXFileReference; lastKnownFileType = folder.assetcatalog; path = "Preview Assets.xcassets"; sourceTree = "<group>"; };
		F40E4A7093EA4F1E8390A597 /* Constants.swift */ = {isa = PBXFileReference; lastKnownFileType = sourcecode.swift; path = Constants.swift; sourceTree = "<group>"; };
		CD2BF8EB1124446FAF884C13 /* Info.plist */ = {isa = PBXFileReference; lastKnownFileType = text.plist.xml; path = Info.plist; sourceTree = "<group>"; };
		1E02E4638B8744089EBE7544 /* HearingTestModels.swift */ = {isa = PBXFileReference; lastKnownFileType = sourcecode.swift; path = HearingTestModels.swift; sourceTree = "<group>"; };
		2240A0C2D5E54CFC812BCF12 /* SweepEngine.swift */ = {isa = PBXFileReference; lastKnownFileType = sourcecode.swift; path = SweepEngine.swift; sourceTree = "<group>"; };
		AA331384AC0848D69F89C495 /* HearingTestView.swift */ = {isa = PBXFileReference; lastKnownFileType = sourcecode.swift; path = HearingTestView.swift; sourceTree = "<group>"; };
		CDA11889F32D44CC9FD7BD0D /* HearingHistoryView.swift */ = {isa = PBXFileReference; lastKnownFileType = sourcecode.swift; path = HearingHistoryView.swift; sourceTree = "<group>"; };
/* End PBXFileReference section */

/* Begin PBXFrameworksBuildPhase section */
		E150A9F92C9E5FB000145149 /* Frameworks */ = {
			isa = PBXFrameworksBuildPhase;
			buildActionMask = 2147483647;
			files = (
				E176B87E2FAAE74800FD54CF /* GoogleMobileAds in Frameworks */,
			);
			runOnlyForDeploymentPostprocessing = 0;
		};
/* End PBXFrameworksBuildPhase section */

/* Begin PBXGroup section */
		E150A9F32C9E5FB000145149 = {
			isa = PBXGroup;
			children = (
				E150A9FE2C9E5FB000145149 /* Freq Test */,
				E150A9FD2C9E5FB000145149 /* Products */,
			);
			sourceTree = "<group>";
		};
		E150A9FD2C9E5FB000145149 /* Products */ = {
			isa = PBXGroup;
			children = (
				E150A9FC2C9E5FB000145149 /* Freq Test.app */,
			);
			name = Products;
			sourceTree = "<group>";
		};
		E150A9FE2C9E5FB000145149 /* Freq Test */ = {
			isa = PBXGroup;
			children = (
				E150AA012C9E5FB000145149 /* ContentView.swift */,
				1E02E4638B8744089EBE7544 /* HearingTestModels.swift */,
				2240A0C2D5E54CFC812BCF12 /* SweepEngine.swift */,
				AA331384AC0848D69F89C495 /* HearingTestView.swift */,
				CDA11889F32D44CC9FD7BD0D /* HearingHistoryView.swift */,
				CD2BF8EB1124446FAF884C13 /* Info.plist */,
				F40E4A7093EA4F1E8390A597 /* Constants.swift */,
				4FC47F2627D047D180BC877C /* AppDelegate.swift */,
				21B187F12B0F45889534DBC1 /* AdManager.swift */,
				3B1399134F89468EA8C1E6DC /* AdPresenter.swift */,
				DCFFA7B7837443E18ADB0C4F /* PurchaseManager.swift */,
				A59D4F96DDD74C218708DCEE /* SettingsStore.swift */,
				5CC7D61F42CF4E379ABBA731 /* RemoveAdsPromoView.swift */,
				D124C18A3B804C9D87A8113E /* FreqTestApp.swift */,
				E150AA032C9E5FB200145149 /* Assets.xcassets */,
				E150AA052C9E5FB200145149 /* Preview Content */,
			);
			path = "Freq Test";
			sourceTree = "<group>";
		};
		E150AA052C9E5FB200145149 /* Preview Content */ = {
			isa = PBXGroup;
			children = (
				E150AA062C9E5FB200145149 /* Preview Assets.xcassets */,
			);
			path = "Preview Content";
			sourceTree = "<group>";
		};
/* End PBXGroup section */

/* Begin PBXNativeTarget section */
		E150A9FB2C9E5FB000145149 /* Freq Test */ = {
			isa = PBXNativeTarget;
			buildConfigurationList = E150AA0A2C9E5FB200145149 /* Build configuration list for PBXNativeTarget "Freq Test" */;
			buildPhases = (
				E150A9F82C9E5FB000145149 /* Sources */,
				E150A9F92C9E5FB000145149 /* Frameworks */,
				E150A9FA2C9E5FB000145149 /* Resources */,
			);
			buildRules = (
			);
			dependencies = (
			);
			name = "Freq Test";
			productName = "Freq Test";
			productReference = E150A9FC2C9E5FB000145149 /* Freq Test.app */;
			productType = "com.apple.product-type.application";
		};
/* End PBXNativeTarget section */

/* Begin PBXProject section */
		E150A9F42C9E5FB000145149 /* Project object */ = {
			isa = PBXProject;
			attributes = {
				BuildIndependentTargetsInParallel = 1;
				LastSwiftUpdateCheck = 1540;
				LastUpgradeCheck = 1540;
				TargetAttributes = {
					E150A9FB2C9E5FB000145149 = {
						CreatedOnToolsVersion = 15.4;
					};
				};
			};
			buildConfigurationList = E150A9F72C9E5FB000145149 /* Build configuration list for PBXProject "Freq Test" */;
			compatibilityVersion = "Xcode 14.0";
			developmentRegion = en;
			hasScannedForEncodings = 0;
			knownRegions = (
				en,
				Base,
			);
			mainGroup = E150A9F32C9E5FB000145149;
			packageReferences = (
				E176B87C2FAAE74800FD54CF /* XCRemoteSwiftPackageReference "swift-package-manager-google-mobile-ads" */,
			);
			productRefGroup = E150A9FD2C9E5FB000145149 /* Products */;
			projectDirPath = "";
			projectRoot = "";
			targets = (
				E150A9FB2C9E5FB000145149 /* Freq Test */,
			);
		};
/* End PBXProject section */

/* Begin PBXResourcesBuildPhase section */
		E150A9FA2C9E5FB000145149 /* Resources */ = {
			isa = PBXResourcesBuildPhase;
			buildActionMask = 2147483647;
			files = (
				E150AA072C9E5FB200145149 /* Preview Assets.xcassets in Resources */,
				E150AA042C9E5FB200145149 /* Assets.xcassets in Resources */,
			);
			runOnlyForDeploymentPostprocessing = 0;
		};
/* End PBXResourcesBuildPhase section */

/* Begin PBXSourcesBuildPhase section */
		E150A9F82C9E5FB000145149 /* Sources */ = {
			isa = PBXSourcesBuildPhase;
			buildActionMask = 2147483647;
			files = (
				E150AA022C9E5FB000145149 /* ContentView.swift in Sources */,
				99205E0A6F944492A148F756 /* HearingTestModels.swift in Sources */,
				0D2312B4595140D6B232DC08 /* SweepEngine.swift in Sources */,
				6686B25F5D0248EBBCC9BF12 /* HearingTestView.swift in Sources */,
				BF2AFD3306CE4CEE9980753D /* HearingHistoryView.swift in Sources */,
				13B61B313FCE469CAB0C6B91 /* Constants.swift in Sources */,
				A2F0FD863323421CB50D6F18 /* AppDelegate.swift in Sources */,
				266B43DBE6B5475EBA69A46D /* AdManager.swift in Sources */,
				D981CF3CA367424CA06AAFAF /* AdPresenter.swift in Sources */,
				2C0D88D1136143E28F9A610D /* PurchaseManager.swift in Sources */,
				48A56AACF788487AA9156C53 /* SettingsStore.swift in Sources */,
				4564B6D3725349719DA67B03 /* RemoveAdsPromoView.swift in Sources */,
				E39A226413734895BA5BE66F /* FreqTestApp.swift in Sources */,
			);
			runOnlyForDeploymentPostprocessing = 0;
		};
/* End PBXSourcesBuildPhase section */

/* Begin XCBuildConfiguration section */
		E150AA082C9E5FB200145149 /* Debug */ = {
			isa = XCBuildConfiguration;
			buildSettings = {
				ALWAYS_SEARCH_USER_PATHS = NO;
				ASSETCATALOG_COMPILER_GENERATE_SWIFT_ASSET_SYMBOL_EXTENSIONS = YES;
				CLANG_ANALYZER_NONNULL = YES;
				CLANG_ANALYZER_NUMBER_OBJECT_CONVERSION = YES_AGGRESSIVE;
				CLANG_CXX_LANGUAGE_STANDARD = "gnu++20";
				CLANG_ENABLE_MODULES = YES;
				CLANG_ENABLE_OBJC_ARC = YES;
				CLANG_ENABLE_OBJC_WEAK = YES;
				CLANG_WARN_BLOCK_CAPTURE_AUTORELEASING = YES;
				CLANG_WARN_BOOL_CONVERSION = YES;
				CLANG_WARN_COMMA = YES;
				CLANG_WARN_CONSTANT_CONVERSION = YES;
				CLANG_WARN_DEPRECATED_OBJC_IMPLEMENTATIONS = YES;
				CLANG_WARN_DIRECT_OBJC_ISA_USAGE = YES_ERROR;
				CLANG_WARN_DOCUMENTATION_COMMENTS = YES;
				CLANG_WARN_EMPTY_BODY = YES;
				CLANG_WARN_ENUM_CONVERSION = YES;
				CLANG_WARN_INFINITE_RECURSION = YES;
				CLANG_WARN_INT_CONVERSION = YES;
				CLANG_WARN_NON_LITERAL_NULL_CONVERSION = YES;
				CLANG_WARN_OBJC_IMPLICIT_RETAIN_SELF = YES;
				CLANG_WARN_OBJC_LITERAL_CONVERSION = YES;
				CLANG_WARN_OBJC_ROOT_CLASS = YES_ERROR;
				CLANG_WARN_QUOTED_INCLUDE_IN_FRAMEWORK_HEADER = YES;
				CLANG_WARN_RANGE_LOOP_ANALYSIS = YES;
				CLANG_WARN_STRICT_PROTOTYPES = YES;
				CLANG_WARN_SUSPICIOUS_MOVE = YES;
				CLANG_WARN_UNGUARDED_AVAILABILITY = YES_AGGRESSIVE;
				CLANG_WARN_UNREACHABLE_CODE = YES;
				CLANG_WARN__DUPLICATE_METHOD_MATCH = YES;
				COPY_PHASE_STRIP = NO;
				DEBUG_INFORMATION_FORMAT = dwarf;
				ENABLE_STRICT_OBJC_MSGSEND = YES;
				ENABLE_TESTABILITY = YES;
				ENABLE_USER_SCRIPT_SANDBOXING = YES;
				GCC_C_LANGUAGE_STANDARD = gnu17;
				GCC_DYNAMIC_NO_PIC = NO;
				GCC_NO_COMMON_BLOCKS = YES;
				GCC_OPTIMIZATION_LEVEL = 0;
				GCC_PREPROCESSOR_DEFINITIONS = (
					"DEBUG=1",
					"$(inherited)",
				);
				GCC_WARN_64_TO_32_BIT_CONVERSION = YES;
				GCC_WARN_ABOUT_RETURN_TYPE = YES_ERROR;
				GCC_WARN_UNDECLARED_SELECTOR = YES;
				GCC_WARN_UNINITIALIZED_AUTOS = YES_AGGRESSIVE;
				GCC_WARN_UNUSED_FUNCTION = YES;
				GCC_WARN_UNUSED_VARIABLE = YES;
				IPHONEOS_DEPLOYMENT_TARGET = 17.5;
				LOCALIZATION_PREFERS_STRING_CATALOGS = YES;
				MTL_ENABLE_DEBUG_INFO = INCLUDE_SOURCE;
				MTL_FAST_MATH = YES;
				ONLY_ACTIVE_ARCH = YES;
				SDKROOT = iphoneos;
				SWIFT_ACTIVE_COMPILATION_CONDITIONS = "DEBUG $(inherited)";
				SWIFT_OPTIMIZATION_LEVEL = "-Onone";
			};
			name = Debug;
		};
		E150AA092C9E5FB200145149 /* Release */ = {
			isa = XCBuildConfiguration;
			buildSettings = {
				ALWAYS_SEARCH_USER_PATHS = NO;
				ASSETCATALOG_COMPILER_GENERATE_SWIFT_ASSET_SYMBOL_EXTENSIONS = YES;
				CLANG_ANALYZER_NONNULL = YES;
				CLANG_ANALYZER_NUMBER_OBJECT_CONVERSION = YES_AGGRESSIVE;
				CLANG_CXX_LANGUAGE_STANDARD = "gnu++20";
				CLANG_ENABLE_MODULES = YES;
				CLANG_ENABLE_OBJC_ARC = YES;
				CLANG_ENABLE_OBJC_WEAK = YES;
				CLANG_WARN_BLOCK_CAPTURE_AUTORELEASING = YES;
				CLANG_WARN_BOOL_CONVERSION = YES;
				CLANG_WARN_COMMA = YES;
				CLANG_WARN_CONSTANT_CONVERSION = YES;
				CLANG_WARN_DEPRECATED_OBJC_IMPLEMENTATIONS = YES;
				CLANG_WARN_DIRECT_OBJC_ISA_USAGE = YES_ERROR;
				CLANG_WARN_DOCUMENTATION_COMMENTS = YES;
				CLANG_WARN_EMPTY_BODY = YES;
				CLANG_WARN_ENUM_CONVERSION = YES;
				CLANG_WARN_INFINITE_RECURSION = YES;
				CLANG_WARN_INT_CONVERSION = YES;
				CLANG_WARN_NON_LITERAL_NULL_CONVERSION = YES;
				CLANG_WARN_OBJC_IMPLICIT_RETAIN_SELF = YES;
				CLANG_WARN_OBJC_LITERAL_CONVERSION = YES;
				CLANG_WARN_OBJC_ROOT_CLASS = YES_ERROR;
				CLANG_WARN_QUOTED_INCLUDE_IN_FRAMEWORK_HEADER = YES;
				CLANG_WARN_RANGE_LOOP_ANALYSIS = YES;
				CLANG_WARN_STRICT_PROTOTYPES = YES;
				CLANG_WARN_SUSPICIOUS_MOVE = YES;
				CLANG_WARN_UNGUARDED_AVAILABILITY = YES_AGGRESSIVE;
				CLANG_WARN_UNREACHABLE_CODE = YES;
				CLANG_WARN__DUPLICATE_METHOD_MATCH = YES;
				COPY_PHASE_STRIP = NO;
				DEBUG_INFORMATION_FORMAT = "dwarf-with-dsym";
				ENABLE_NS_ASSERTIONS = NO;
				ENABLE_STRICT_OBJC_MSGSEND = YES;
				ENABLE_USER_SCRIPT_SANDBOXING = YES;
				GCC_C_LANGUAGE_STANDARD = gnu17;
				GCC_NO_COMMON_BLOCKS = YES;
				GCC_WARN_64_TO_32_BIT_CONVERSION = YES;
				GCC_WARN_ABOUT_RETURN_TYPE = YES_ERROR;
				GCC_WARN_UNDECLARED_SELECTOR = YES;
				GCC_WARN_UNINITIALIZED_AUTOS = YES_AGGRESSIVE;
				GCC_WARN_UNUSED_FUNCTION = YES;
				GCC_WARN_UNUSED_VARIABLE = YES;
				IPHONEOS_DEPLOYMENT_TARGET = 17.5;
				LOCALIZATION_PREFERS_STRING_CATALOGS = YES;
				MTL_ENABLE_DEBUG_INFO = NO;
				MTL_FAST_MATH = YES;
				SDKROOT = iphoneos;
				SWIFT_COMPILATION_MODE = wholemodule;
				VALIDATE_PRODUCT = YES;
			};
			name = Release;
		};
		E150AA0B2C9E5FB200145149 /* Debug */ = {
			isa = XCBuildConfiguration;
			buildSettings = {
				ASSETCATALOG_COMPILER_APPICON_NAME = AppIcon;
				ASSETCATALOG_COMPILER_GLOBAL_ACCENT_COLOR_NAME = AccentColor;
				CODE_SIGN_STYLE = Automatic;
				CURRENT_PROJECT_VERSION = 3;
				DEVELOPMENT_ASSET_PATHS = "\"Freq Test/Preview Content\"";
				DEVELOPMENT_TEAM = 78MZ33WP9X;
				ENABLE_PREVIEWS = YES;
				GENERATE_INFOPLIST_FILE = NO;
				INFOPLIST_FILE = "Freq Test/Info.plist";
				LD_RUNPATH_SEARCH_PATHS = (
					"$(inherited)",
					"@executable_path/Frameworks",
				);
				MARKETING_VERSION = 2.0;
				NEW_SETTING = "";
				PRODUCT_BUNDLE_IDENTIFIER = com.ashutoshbhardwaj.easyeartune;
				PRODUCT_NAME = "$(TARGET_NAME)";
				SUPPORTED_PLATFORMS = "iphoneos iphonesimulator";
				SUPPORTS_MACCATALYST = NO;
				SUPPORTS_MAC_DESIGNED_FOR_IPHONE_IPAD = NO;
				SUPPORTS_XR_DESIGNED_FOR_IPHONE_IPAD = NO;
				SWIFT_EMIT_LOC_STRINGS = YES;
				SWIFT_VERSION = 5.0;
				TARGETED_DEVICE_FAMILY = 1;
				UIDeviceFamily = 1;
			};
			name = Debug;
		};
		E150AA0C2C9E5FB200145149 /* Release */ = {
			isa = XCBuildConfiguration;
			buildSettings = {
				ASSETCATALOG_COMPILER_APPICON_NAME = AppIcon;
				ASSETCATALOG_COMPILER_GLOBAL_ACCENT_COLOR_NAME = AccentColor;
				CODE_SIGN_STYLE = Automatic;
				CURRENT_PROJECT_VERSION = 3;
				DEVELOPMENT_ASSET_PATHS = "\"Freq Test/Preview Content\"";
				DEVELOPMENT_TEAM = 78MZ33WP9X;
				ENABLE_PREVIEWS = YES;
				GENERATE_INFOPLIST_FILE = NO;
				INFOPLIST_FILE = "Freq Test/Info.plist";
				LD_RUNPATH_SEARCH_PATHS = (
					"$(inherited)",
					"@executable_path/Frameworks",
				);
				MARKETING_VERSION = 2.0;
				NEW_SETTING = "";
				PRODUCT_BUNDLE_IDENTIFIER = com.ashutoshbhardwaj.easyeartune;
				PRODUCT_NAME = "$(TARGET_NAME)";
				SUPPORTED_PLATFORMS = "iphoneos iphonesimulator";
				SUPPORTS_MACCATALYST = NO;
				SUPPORTS_MAC_DESIGNED_FOR_IPHONE_IPAD = NO;
				SUPPORTS_XR_DESIGNED_FOR_IPHONE_IPAD = NO;
				SWIFT_EMIT_LOC_STRINGS = YES;
				SWIFT_VERSION = 5.0;
				TARGETED_DEVICE_FAMILY = 1;
				UIDeviceFamily = 1;
			};
			name = Release;
		};
/* End XCBuildConfiguration section */

/* Begin XCConfigurationList section */
		E150A9F72C9E5FB000145149 /* Build configuration list for PBXProject "Freq Test" */ = {
			isa = XCConfigurationList;
			buildConfigurations = (
				E150AA082C9E5FB200145149 /* Debug */,
				E150AA092C9E5FB200145149 /* Release */,
			);
			defaultConfigurationIsVisible = 0;
			defaultConfigurationName = Release;
		};
		E150AA0A2C9E5FB200145149 /* Build configuration list for PBXNativeTarget "Freq Test" */ = {
			isa = XCConfigurationList;
			buildConfigurations = (
				E150AA0B2C9E5FB200145149 /* Debug */,
				E150AA0C2C9E5FB200145149 /* Release */,
			);
			defaultConfigurationIsVisible = 0;
			defaultConfigurationName = Release;
		};
/* End XCConfigurationList section */

/* Begin XCRemoteSwiftPackageReference section */
		E176B87C2FAAE74800FD54CF /* XCRemoteSwiftPackageReference "swift-package-manager-google-mobile-ads" */ = {
			isa = XCRemoteSwiftPackageReference;
			repositoryURL = "https://github.com/googleads/swift-package-manager-google-mobile-ads";
			requirement = {
				kind = upToNextMajorVersion;
				minimumVersion = 13.3.0;
			};
		};
/* End XCRemoteSwiftPackageReference section */

/* Begin XCSwiftPackageProductDependency section */
		E176B87D2FAAE74800FD54CF /* GoogleMobileAds */ = {
			isa = XCSwiftPackageProductDependency;
			package = E176B87C2FAAE74800FD54CF /* XCRemoteSwiftPackageReference "swift-package-manager-google-mobile-ads" */;
			productName = GoogleMobileAds;
		};
/* End XCSwiftPackageProductDependency section */
	};
	rootObject = E150A9F42C9E5FB000145149 /* Project object */;
}
